
Microsoft Visual Studio Solution File, Format Version 12.00
# Visual Studio Version 17
VisualStudioVersion = 17.14.36623.8 d17.14
MinimumVisualStudioVersion = 10.0.40219.1
Project("{C9674DCB-5085-4A16-B785-4C70DD1589BD}") = "ExpoGroupCompanyConsolidation", "ExpoGroupCompanyConsolidation.dtproj", "{ED5B0EE7-7098-A934-EA8A-4A91BDD5D30D}"
EndProject
Global
	GlobalSection(SolutionConfigurationPlatforms) = preSolution
		Development|Default = Development|Default
	EndGlobalSection
	GlobalSection(ProjectConfigurationPlatforms) = postSolution
		{ED5B0EE7-7098-A934-EA8A-4A91BDD5D30D}.Development|Default.ActiveCfg = Development
		{ED5B0EE7-7098-A934-EA8A-4A91BDD5D30D}.Development|Default.Build.0 = Development
	EndGlobalSection
	GlobalSection(SolutionProperties) = preSolution
		HideSolutionNode = FALSE
	EndGlobalSection
	GlobalSection(ExtensibilityGlobals) = postSolution
		SolutionGuid = {BBFD2EA1-7848-48B3-8EE8-DBBE2F4AAD73}
	EndGlobalSection
EndGlobal
